
Microsoft Visual Studio Solution File, Format Version 12.00
# Visual Studio Version 17
VisualStudioVersion = 17.4.33205.214
MinimumVisualStudioVersion = 10.0.40219.1
Project("{FAE04EC0-301F-11D3-BF4B-00C04F79EFBC}") = "20.12.2022 Homework", "20.12.2022 Homework\20.12.2022 Homework.csproj", "{57CD64EE-F014-4F6F-9FAD-6CB03DD29DCD}"
EndProject
Global
	GlobalSection(SolutionConfigurationPlatforms) = preSolution
		Debug|Any CPU = Debug|Any CPU
		Release|Any CPU = Release|Any CPU
	EndGlobalSection
	GlobalSection(ProjectConfigurationPlatforms) = postSolution
		{57CD64EE-F014-4F6F-9FAD-6CB03DD29DCD}.Debug|Any CPU.ActiveCfg = Debug|Any CPU
		{57CD64EE-F014-4F6F-9FAD-6CB03DD29DCD}.Debug|Any CPU.Build.0 = Debug|Any CPU
		{57CD64EE-F014-4F6F-9FAD-6CB03DD29DCD}.Release|Any CPU.ActiveCfg = Release|Any CPU
		{57CD64EE-F014-4F6F-9FAD-6CB03DD29DCD}.Release|Any CPU.Build.0 = Release|Any CPU
	EndGlobalSection
	GlobalSection(SolutionProperties) = preSolution
		HideSolutionNode = FALSE
	EndGlobalSection
	GlobalSection(ExtensibilityGlobals) = postSolution
		SolutionGuid = {089EF47A-5E27-417F-811C-C5DD81FD486C}
	EndGlobalSection
EndGlobal
